{
  "version": 4,
  "terraform_version": "1.7.4",
  "serial": 2,
  "lineage": "361c1e0c-5a84-31d6-aeaf-340ca23d79d1",
  "outputs": {
    "arns": {
      "value": [
        "arn:aws:iam::227548872060:user/system/iamuser.0",
        "arn:aws:iam::227548872060:user/system/iamuser.1",
        "arn:aws:iam::227548872060:user/system/iamuser.2"
      ],
      "type": [
        "tuple",
        [
          "string",
          "string",
          "string"
        ]
      ]
    },
    "combined": {
      "value": {
        "iamuser.0": "arn:aws:iam::227548872060:user/system/iamuser.0",
        "iamuser.1": "arn:aws:iam::227548872060:user/system/iamuser.1",
        "iamuser.2": "arn:aws:iam::227548872060:user/system/iamuser.2"
      },
      "type": [
        "object",
        {
          "iamuser.0": "string",
          "iamuser.1": "string",
          "iamuser.2": "string"
        }
      ]
    },
    "name": {
      "value": [
        "iamuser.0",
        "iamuser.1",
        "iamuser.2"
      ],
      "type": [
        "tuple",
        [
          "string",
          "string",
          "string"
        ]
      ]
    }
  },
  "resources": [
    {
      "mode": "managed",
      "type": "aws_iam_user",
      "name": "lb",
      "provider": "provider[\"registry.terraform.io/hashicorp/aws\"]",
      "instances": [
        {
          "index_key": 0,
          "schema_version": 0,
          "attributes": {
            "arn": "arn:aws:iam::227548872060:user/system/iamuser.0",
            "force_destroy": false,
            "id": "iamuser.0",
            "name": "iamuser.0",
            "path": "/system/",
            "permissions_boundary": "",
            "tags": null,
            "tags_all": {},
            "unique_id": "AIDATJ6XYHV6PHP3SCMSS"
          },
          "sensitive_attributes": [],
          "private": "bnVsbA=="
        },
        {
          "index_key": 1,
          "schema_version": 0,
          "attributes": {
            "arn": "arn:aws:iam::227548872060:user/system/iamuser.1",
            "force_destroy": false,
            "id": "iamuser.1",
            "name": "iamuser.1",
            "path": "/system/",
            "permissions_boundary": "",
            "tags": null,
            "tags_all": {},
            "unique_id": "AIDATJ6XYHV6FKRKOB63R"
          },
          "sensitive_attributes": [],
          "private": "bnVsbA=="
        },
        {
          "index_key": 2,
          "schema_version": 0,
          "attributes": {
            "arn": "arn:aws:iam::227548872060:user/system/iamuser.2",
            "force_destroy": false,
            "id": "iamuser.2",
            "name": "iamuser.2",
            "path": "/system/",
            "permissions_boundary": "",
            "tags": null,
            "tags_all": {},
            "unique_id": "AIDATJ6XYHV6ABFVVC34L"
          },
          "sensitive_attributes": [],
          "private": "bnVsbA=="
        }
      ]
    }
  ],
  "check_results": null
}
