{
  "version": 4,
  "terraform_version": "1.7.4",
  "serial": 28,
  "lineage": "4575cf94-beee-69ba-eb09-7da8f90e4237",
  "outputs": {},
  "resources": [
    {
      "mode": "managed",
      "type": "aws_iam_user",
      "name": "lb",
      "provider": "provider[\"registry.terraform.io/hashicorp/aws\"]",
      "instances": [
        {
          "index_key": "user00",
          "schema_version": 0,
          "attributes": {
            "arn": "arn:aws:iam::227548872060:user/system/loadbalancer.user-00",
            "force_destroy": false,
            "id": "loadbalancer.user-00",
            "name": "loadbalancer.user-00",
            "path": "/system/",
            "permissions_boundary": "",
            "tags": null,
            "tags_all": {},
            "unique_id": "AIDATJ6XYHV6HO3BXB5FK"
          },
          "sensitive_attributes": [],
          "private": "bnVsbA=="
        },
        {
          "index_key": "user01",
          "schema_version": 0,
          "attributes": {
            "arn": "arn:aws:iam::227548872060:user/system/loadbalancer.user-01",
            "force_destroy": false,
            "id": "loadbalancer.user-01",
            "name": "loadbalancer.user-01",
            "path": "/system/",
            "permissions_boundary": "",
            "tags": null,
            "tags_all": {},
            "unique_id": "AIDATJ6XYHV6HN5O6REO5"
          },
          "sensitive_attributes": [],
          "private": "bnVsbA=="
        },
        {
          "index_key": "user02",
          "schema_version": 0,
          "attributes": {
            "arn": "arn:aws:iam::227548872060:user/system/loadbalancer.user-02",
            "force_destroy": false,
            "id": "loadbalancer.user-02",
            "name": "loadbalancer.user-02",
            "path": "/system/",
            "permissions_boundary": "",
            "tags": null,
            "tags_all": {},
            "unique_id": "AIDATJ6XYHV6LU7LIB762"
          },
          "sensitive_attributes": [],
          "private": "bnVsbA=="
        },
        {
          "index_key": "user03",
          "schema_version": 0,
          "attributes": {
            "arn": "arn:aws:iam::227548872060:user/system/loadbalancer.user-03",
            "force_destroy": false,
            "id": "loadbalancer.user-03",
            "name": "loadbalancer.user-03",
            "path": "/system/",
            "permissions_boundary": "",
            "tags": null,
            "tags_all": {},
            "unique_id": "AIDATJ6XYHV6K7FRBELJR"
          },
          "sensitive_attributes": [],
          "private": "bnVsbA=="
        }
      ]
    }
  ],
  "check_results": null
}
